
Microsoft Visual Studio Solution File, Format Version 12.00
# Visual Studio Version 16
VisualStudioVersion = 16.0.31313.79
MinimumVisualStudioVersion = 10.0.40219.1
Project("{FAE04EC0-301F-11D3-BF4B-00C04F79EFBC}") = "TestWebApp2", "TestWebApp2\TestWebApp2.csproj", "{622D161B-D1D2-44CD-A9A2-C3BCE897C9F3}"
EndProject
Global
	GlobalSection(SolutionConfigurationPlatforms) = preSolution
		Debug|Any CPU = Debug|Any CPU
		Release|Any CPU = Release|Any CPU
	EndGlobalSection
	GlobalSection(ProjectConfigurationPlatforms) = postSolution
		{622D161B-D1D2-44CD-A9A2-C3BCE897C9F3}.Debug|Any CPU.ActiveCfg = Debug|Any CPU
		{622D161B-D1D2-44CD-A9A2-C3BCE897C9F3}.Debug|Any CPU.Build.0 = Debug|Any CPU
		{622D161B-D1D2-44CD-A9A2-C3BCE897C9F3}.Release|Any CPU.ActiveCfg = Release|Any CPU
		{622D161B-D1D2-44CD-A9A2-C3BCE897C9F3}.Release|Any CPU.Build.0 = Release|Any CPU
	EndGlobalSection
	GlobalSection(SolutionProperties) = preSolution
		HideSolutionNode = FALSE
	EndGlobalSection
	GlobalSection(ExtensibilityGlobals) = postSolution
		SolutionGuid = {C0EC3EC2-5F04-4070-A4D6-FEDE9A0044FB}
	EndGlobalSection
EndGlobal
